
Microsoft Visual Studio Solution File, Format Version 12.00
# Visual Studio 15
VisualStudioVersion = 15.0.27703.2035
MinimumVisualStudioVersion = 10.0.40219.1
Project("{8BC9CEB8-8B4A-11D0-8D11-00A0C91BC942}") = "FahrenheitandCelsius", "FahrenheitandCelsius\FahrenheitandCelsius.vcxproj", "{5CB6D3D4-39FF-47DA-9994-ADD021D746AD}"
EndProject
Global
	GlobalSection(SolutionConfigurationPlatforms) = preSolution
		Debug|x64 = Debug|x64
		Debug|x86 = Debug|x86
		Release|x64 = Release|x64
		Release|x86 = Release|x86
	EndGlobalSection
	GlobalSection(ProjectConfigurationPlatforms) = postSolution
		{5CB6D3D4-39FF-47DA-9994-ADD021D746AD}.Debug|x64.ActiveCfg = Debug|x64
		{5CB6D3D4-39FF-47DA-9994-ADD021D746AD}.Debug|x64.Build.0 = Debug|x64
		{5CB6D3D4-39FF-47DA-9994-ADD021D746AD}.Debug|x86.ActiveCfg = Debug|Win32
		{5CB6D3D4-39FF-47DA-9994-ADD021D746AD}.Debug|x86.Build.0 = Debug|Win32
		{5CB6D3D4-39FF-47DA-9994-ADD021D746AD}.Release|x64.ActiveCfg = Release|x64
		{5CB6D3D4-39FF-47DA-9994-ADD021D746AD}.Release|x64.Build.0 = Release|x64
		{5CB6D3D4-39FF-47DA-9994-ADD021D746AD}.Release|x86.ActiveCfg = Release|Win32
		{5CB6D3D4-39FF-47DA-9994-ADD021D746AD}.Release|x86.Build.0 = Release|Win32
	EndGlobalSection
	GlobalSection(SolutionProperties) = preSolution
		HideSolutionNode = FALSE
	EndGlobalSection
	GlobalSection(ExtensibilityGlobals) = postSolution
		SolutionGuid = {9D0B2627-90D0-4C51-9900-F3829A1787BC}
	EndGlobalSection
EndGlobal
